Microsoft Visual Studio Solution File, Format Version 12.00
# Visual Studio 2012
Project("{FAE04EC0-301F-11D3-BF4B-00C04F79EFBC}") = "Test", "Test.csproj", "{C36DE613-CC55-4A4B-8B9D-F6F299103075}"
EndProject
Global
	GlobalSection(SolutionConfigurationPlatforms) = preSolution
	Debug|Any CPU = Debug|Any CPU
	ExportDebug|Any CPU = ExportDebug|Any CPU
	ExportRelease|Any CPU = ExportRelease|Any CPU
	EndGlobalSection
	GlobalSection(ProjectConfigurationPlatforms) = postSolution
		{C36DE613-CC55-4A4B-8B9D-F6F299103075}.Debug|Any CPU.ActiveCfg = Debug|Any CPU
		{C36DE613-CC55-4A4B-8B9D-F6F299103075}.Debug|Any CPU.Build.0 = Debug|Any CPU
		{C36DE613-CC55-4A4B-8B9D-F6F299103075}.ExportDebug|Any CPU.ActiveCfg = ExportDebug|Any CPU
		{C36DE613-CC55-4A4B-8B9D-F6F299103075}.ExportDebug|Any CPU.Build.0 = ExportDebug|Any CPU
		{C36DE613-CC55-4A4B-8B9D-F6F299103075}.ExportRelease|Any CPU.ActiveCfg = ExportRelease|Any CPU
		{C36DE613-CC55-4A4B-8B9D-F6F299103075}.ExportRelease|Any CPU.Build.0 = ExportRelease|Any CPU
	EndGlobalSection
EndGlobal
